
Microsoft Visual Studio Solution File, Format Version 12.00
# Visual Studio Version 17
VisualStudioVersion = 17.0.31903.59
MinimumVisualStudioVersion = 10.0.40219.1
Project("{2150E333-8FDC-42A3-9474-1A3956D46DE8}") = "src", "src", "{5051C533-D3B1-4998-A00C-479CF091DDDE}"
EndProject
Project("{FAE04EC0-301F-11D3-BF4B-00C04F79EFBC}") = "LCMS.Domain", "src\LCMS.Domain\LCMS.Domain.csproj", "{14CBFE04-F785-44CE-A005-1B2DEDA0597D}"
EndProject
Project("{FAE04EC0-301F-11D3-BF4B-00C04F79EFBC}") = "LCMS.Application", "src\LCMS.Application\LCMS.Application.csproj", "{19C63B13-7C22-47EF-B6B9-D1FD72FDC170}"
EndProject
Project("{FAE04EC0-301F-11D3-BF4B-00C04F79EFBC}") = "LCMS.Infrastructure", "src\LCMS.Infrastructure\LCMS.Infrastructure.csproj", "{32986404-6AA7-4B15-B82E-8D475FB74BF6}"
EndProject
Project("{FAE04EC0-301F-11D3-BF4B-00C04F79EFBC}") = "LCMS.Api", "src\LCMS.Api\LCMS.Api.csproj", "{4107C089-5351-4248-89F8-ABFA38FCD6D2}"
EndProject
Project("{2150E333-8FDC-42A3-9474-1A3956D46DE8}") = "tests", "tests", "{100AF46D-5B57-4363-9F4E-B3C9B7B82EEE}"
EndProject
Project("{FAE04EC0-301F-11D3-BF4B-00C04F79EFBC}") = "LCMS.Api.Tests", "tests\LCMS.Api.Tests\LCMS.Api.Tests.csproj", "{0531C52C-7030-4FAC-931A-E5D6C9E596C6}"
EndProject
Global
	GlobalSection(SolutionConfigurationPlatforms) = preSolution
		Debug|Any CPU = Debug|Any CPU
		Release|Any CPU = Release|Any CPU
	EndGlobalSection
	GlobalSection(SolutionProperties) = preSolution
		HideSolutionNode = FALSE
	EndGlobalSection
	GlobalSection(ProjectConfigurationPlatforms) = postSolution
		{14CBFE04-F785-44CE-A005-1B2DEDA0597D}.Debug|Any CPU.ActiveCfg = Debug|Any CPU
		{14CBFE04-F785-44CE-A005-1B2DEDA0597D}.Debug|Any CPU.Build.0 = Debug|Any CPU
		{14CBFE04-F785-44CE-A005-1B2DEDA0597D}.Release|Any CPU.ActiveCfg = Release|Any CPU
		{14CBFE04-F785-44CE-A005-1B2DEDA0597D}.Release|Any CPU.Build.0 = Release|Any CPU
		{19C63B13-7C22-47EF-B6B9-D1FD72FDC170}.Debug|Any CPU.ActiveCfg = Debug|Any CPU
		{19C63B13-7C22-47EF-B6B9-D1FD72FDC170}.Debug|Any CPU.Build.0 = Debug|Any CPU
		{19C63B13-7C22-47EF-B6B9-D1FD72FDC170}.Release|Any CPU.ActiveCfg = Release|Any CPU
		{19C63B13-7C22-47EF-B6B9-D1FD72FDC170}.Release|Any CPU.Build.0 = Release|Any CPU
		{32986404-6AA7-4B15-B82E-8D475FB74BF6}.Debug|Any CPU.ActiveCfg = Debug|Any CPU
		{32986404-6AA7-4B15-B82E-8D475FB74BF6}.Debug|Any CPU.Build.0 = Debug|Any CPU
		{32986404-6AA7-4B15-B82E-8D475FB74BF6}.Release|Any CPU.ActiveCfg = Release|Any CPU
		{32986404-6AA7-4B15-B82E-8D475FB74BF6}.Release|Any CPU.Build.0 = Release|Any CPU
		{4107C089-5351-4248-89F8-ABFA38FCD6D2}.Debug|Any CPU.ActiveCfg = Debug|Any CPU
		{4107C089-5351-4248-89F8-ABFA38FCD6D2}.Debug|Any CPU.Build.0 = Debug|Any CPU
		{4107C089-5351-4248-89F8-ABFA38FCD6D2}.Release|Any CPU.ActiveCfg = Release|Any CPU
		{4107C089-5351-4248-89F8-ABFA38FCD6D2}.Release|Any CPU.Build.0 = Release|Any CPU
		{0531C52C-7030-4FAC-931A-E5D6C9E596C6}.Debug|Any CPU.ActiveCfg = Debug|Any CPU
		{0531C52C-7030-4FAC-931A-E5D6C9E596C6}.Debug|Any CPU.Build.0 = Debug|Any CPU
		{0531C52C-7030-4FAC-931A-E5D6C9E596C6}.Release|Any CPU.ActiveCfg = Release|Any CPU
		{0531C52C-7030-4FAC-931A-E5D6C9E596C6}.Release|Any CPU.Build.0 = Release|Any CPU
	EndGlobalSection
	GlobalSection(NestedProjects) = preSolution
		{14CBFE04-F785-44CE-A005-1B2DEDA0597D} = {5051C533-D3B1-4998-A00C-479CF091DDDE}
		{19C63B13-7C22-47EF-B6B9-D1FD72FDC170} = {5051C533-D3B1-4998-A00C-479CF091DDDE}
		{32986404-6AA7-4B15-B82E-8D475FB74BF6} = {5051C533-D3B1-4998-A00C-479CF091DDDE}
		{4107C089-5351-4248-89F8-ABFA38FCD6D2} = {5051C533-D3B1-4998-A00C-479CF091DDDE}
		{0531C52C-7030-4FAC-931A-E5D6C9E596C6} = {100AF46D-5B57-4363-9F4E-B3C9B7B82EEE}
	EndGlobalSection
EndGlobal
